
Microsoft Visual Studio Solution File, Format Version 12.00
# Visual Studio 15
VisualStudioVersion = 15.0.28307.489
MinimumVisualStudioVersion = 10.0.40219.1
Project("{FAE04EC0-301F-11D3-BF4B-00C04F79EFBC}") = "Leaderboard.Test", "Leaderboard.Test\Leaderboard.Test.csproj", "{AC439CC2-303C-40CF-976F-9F7E57734C62}"
EndProject
Project("{2150E333-8FDC-42A3-9474-1A3956D46DE8}") = "Solution Items", "Solution Items", "{8DEBA87C-4C10-478E-A15C-BF74686990C0}"
	ProjectSection(SolutionItems) = preProject
		.gitignore = .gitignore
	EndProjectSection
EndProject
Global
	GlobalSection(SolutionConfigurationPlatforms) = preSolution
		Debug|Any CPU = Debug|Any CPU
		Release|Any CPU = Release|Any CPU
	EndGlobalSection
	GlobalSection(ProjectConfigurationPlatforms) = postSolution
		{AC439CC2-303C-40CF-976F-9F7E57734C62}.Debug|Any CPU.ActiveCfg = Debug|Any CPU
		{AC439CC2-303C-40CF-976F-9F7E57734C62}.Debug|Any CPU.Build.0 = Debug|Any CPU
		{AC439CC2-303C-40CF-976F-9F7E57734C62}.Release|Any CPU.ActiveCfg = Release|Any CPU
		{AC439CC2-303C-40CF-976F-9F7E57734C62}.Release|Any CPU.Build.0 = Release|Any CPU
	EndGlobalSection
	GlobalSection(SolutionProperties) = preSolution
		HideSolutionNode = FALSE
	EndGlobalSection
	GlobalSection(ExtensibilityGlobals) = postSolution
		SolutionGuid = {F82B76F4-0860-4018-BBAD-0854E8D6951F}
	EndGlobalSection
EndGlobal
